// !$*UTF8*$!
{
	archiveVersion = 1;
	classes = {
	};
	objectVersion = 48;
	objects = {

/* Begin PBXBuildFile section */
		5192B85D202AC67000B0FACE /* APIRouter.swift in Sources */ = {isa = PBXBuildFile; fileRef = 5192B85C202AC67000B0FACE /* APIRouter.swift */; };
		5192B85F202AC74A00B0FACE /* NetworkConstants.swift in Sources */ = {isa = PBXBuildFile; fileRef = 5192B85E202AC74A00B0FACE /* NetworkConstants.swift */; };
		5192B861202AD4A100B0FACE /* BackendAuth.swift in Sources */ = {isa = PBXBuildFile; fileRef = 5192B860202AD4A100B0FACE /* BackendAuth.swift */; };
		5192B863202ADD0D00B0FACE /* LoginService.swift in Sources */ = {isa = PBXBuildFile; fileRef = 5192B862202ADD0D00B0FACE /* LoginService.swift */; };
		5192B865202ADDF500B0FACE /* ServiceProtocols.swift in Sources */ = {isa = PBXBuildFile; fileRef = 5192B864202ADDF500B0FACE /* ServiceProtocols.swift */; };
		5192B867202AF85200B0FACE /* User.swift in Sources */ = {isa = PBXBuildFile; fileRef = 5192B866202AF85200B0FACE /* User.swift */; };
		51952BED1FB98EB600660B3B /* CustomError.swift in Sources */ = {isa = PBXBuildFile; fileRef = 51952BEC1FB98EB600660B3B /* CustomError.swift */; };
		519885B6204E9B52004E690A /* LandingSceneVCInteractor.swift in Sources */ = {isa = PBXBuildFile; fileRef = 519885B0204E9B52004E690A /* LandingSceneVCInteractor.swift */; };
		519885B7204E9B52004E690A /* LandingSceneVCModels.swift in Sources */ = {isa = PBXBuildFile; fileRef = 519885B1204E9B52004E690A /* LandingSceneVCModels.swift */; };
		519885B8204E9B52004E690A /* LandingSceneVCPresenter.swift in Sources */ = {isa = PBXBuildFile; fileRef = 519885B2204E9B52004E690A /* LandingSceneVCPresenter.swift */; };
		519885B9204E9B52004E690A /* LandingSceneVCRouter.swift in Sources */ = {isa = PBXBuildFile; fileRef = 519885B3204E9B52004E690A /* LandingSceneVCRouter.swift */; };
		519885BA204E9B52004E690A /* LandingSceneViewController.swift in Sources */ = {isa = PBXBuildFile; fileRef = 519885B4204E9B52004E690A /* LandingSceneViewController.swift */; };
		519885BB204E9B52004E690A /* LandingSceneVCWorker.swift in Sources */ = {isa = PBXBuildFile; fileRef = 519885B5204E9B52004E690A /* LandingSceneVCWorker.swift */; };
		519885BD204EBEBC004E690A /* Kingfisher.framework in Frameworks */ = {isa = PBXBuildFile; fileRef = 519885BC204EBEBB004E690A /* Kingfisher.framework */; };
		51A7C1B71FB2DB8600C71EE2 /* AppDelegate.swift in Sources */ = {isa = PBXBuildFile; fileRef = 51A7C1B61FB2DB8600C71EE2 /* AppDelegate.swift */; };
		51A7C1B91FB2DB8600C71EE2 /* ViewController.swift in Sources */ = {isa = PBXBuildFile; fileRef = 51A7C1B81FB2DB8600C71EE2 /* ViewController.swift */; };
		51A7C1BC1FB2DB8600C71EE2 /* Main.storyboard in Resources */ = {isa = PBXBuildFile; fileRef = 51A7C1BA1FB2DB8600C71EE2 /* Main.storyboard */; };
		51A7C1BE1FB2DB8600C71EE2 /* Assets.xcassets in Resources */ = {isa = PBXBuildFile; fileRef = 51A7C1BD1FB2DB8600C71EE2 /* Assets.xcassets */; };
		51A7C1C11FB2DB8600C71EE2 /* LaunchScreen.storyboard in Resources */ = {isa = PBXBuildFile; fileRef = 51A7C1BF1FB2DB8600C71EE2 /* LaunchScreen.storyboard */; };
		51A7C1CC1FB2DB8600C71EE2 /* ProjectWLTTests.swift in Sources */ = {isa = PBXBuildFile; fileRef = 51A7C1CB1FB2DB8600C71EE2 /* ProjectWLTTests.swift */; };
		51A7C1D71FB2DB8600C71EE2 /* ProjectWLTUITests.swift in Sources */ = {isa = PBXBuildFile; fileRef = 51A7C1D61FB2DB8600C71EE2 /* ProjectWLTUITests.swift */; };
		51A7C1F31FB2E65C00C71EE2 /* LoginInteractor.swift in Sources */ = {isa = PBXBuildFile; fileRef = 51A7C1ED1FB2E65C00C71EE2 /* LoginInteractor.swift */; };
		51A7C1F41FB2E65C00C71EE2 /* LoginModels.swift in Sources */ = {isa = PBXBuildFile; fileRef = 51A7C1EE1FB2E65C00C71EE2 /* LoginModels.swift */; };
		51A7C1F51FB2E65C00C71EE2 /* LoginPresenter.swift in Sources */ = {isa = PBXBuildFile; fileRef = 51A7C1EF1FB2E65C00C71EE2 /* LoginPresenter.swift */; };
		51A7C1F61FB2E65C00C71EE2 /* LoginRouter.swift in Sources */ = {isa = PBXBuildFile; fileRef = 51A7C1F01FB2E65C00C71EE2 /* LoginRouter.swift */; };
		51A7C1F71FB2E65C00C71EE2 /* LoginViewController.swift in Sources */ = {isa = PBXBuildFile; fileRef = 51A7C1F11FB2E65C00C71EE2 /* LoginViewController.swift */; };
		51A7C1F81FB2E65C00C71EE2 /* LoginWorker.swift in Sources */ = {isa = PBXBuildFile; fileRef = 51A7C1F21FB2E65C00C71EE2 /* LoginWorker.swift */; };
		51A7C1FA1FB2FDD900C71EE2 /* LoginResponseModel.swift in Sources */ = {isa = PBXBuildFile; fileRef = 51A7C1F91FB2FDD900C71EE2 /* LoginResponseModel.swift */; };
		51A7C1FC1FB309E700C71EE2 /* AuthenticationWorker.swift in Sources */ = {isa = PBXBuildFile; fileRef = 51A7C1FB1FB309E700C71EE2 /* AuthenticationWorker.swift */; };
		51A7C1FE1FB30F7000C71EE2 /* WPAuthenticationService.swift in Sources */ = {isa = PBXBuildFile; fileRef = 51A7C1FD1FB30F7000C71EE2 /* WPAuthenticationService.swift */; };
		51A7C2011FB3256B00C71EE2 /* Alamofire.framework in Frameworks */ = {isa = PBXBuildFile; fileRef = 51A7C2001FB3256B00C71EE2 /* Alamofire.framework */; };
		51A7C2061FB3269300C71EE2 /* WPRouter.swift in Sources */ = {isa = PBXBuildFile; fileRef = 51A7C2051FB3269300C71EE2 /* WPRouter.swift */; };
/* End PBXBuildFile section */

/* Begin PBXContainerItemProxy section */
		51A7C1C81FB2DB8600C71EE2 /* PBXContainerItemProxy */ = {
			isa = PBXContainerItemProxy;
			containerPortal = 51A7C1AB1FB2DB8600C71EE2 /* Project object */;
			proxyType = 1;
			remoteGlobalIDString = 51A7C1B21FB2DB8600C71EE2;
			remoteInfo = ProjectWLT;
		};
		51A7C1D31FB2DB8600C71EE2 /* PBXContainerItemProxy */ = {
			isa = PBXContainerItemProxy;
			containerPortal = 51A7C1AB1FB2DB8600C71EE2 /* Project object */;
			proxyType = 1;
			remoteGlobalIDString = 51A7C1B21FB2DB8600C71EE2;
			remoteInfo = ProjectWLT;
		};
/* End PBXContainerItemProxy section */

/* Begin PBXFileReference section */
		5192B85C202AC67000B0FACE /* APIRouter.swift */ = {isa = PBXFileReference; lastKnownFileType = sourcecode.swift; path = APIRouter.swift; sourceTree = "<group>"; };
		5192B85E202AC74A00B0FACE /* NetworkConstants.swift */ = {isa = PBXFileReference; lastKnownFileType = sourcecode.swift; path = NetworkConstants.swift; sourceTree = "<group>"; };
		5192B860202AD4A100B0FACE /* BackendAuth.swift */ = {isa = PBXFileReference; lastKnownFileType = sourcecode.swift; path = BackendAuth.swift; sourceTree = "<group>"; };
		5192B862202ADD0D00B0FACE /* LoginService.swift */ = {isa = PBXFileReference; lastKnownFileType = sourcecode.swift; path = LoginService.swift; sourceTree = "<group>"; };
		5192B864202ADDF500B0FACE /* ServiceProtocols.swift */ = {isa = PBXFileReference; lastKnownFileType = sourcecode.swift; path = ServiceProtocols.swift; sourceTree = "<group>"; };
		5192B866202AF85200B0FACE /* User.swift */ = {isa = PBXFileReference; lastKnownFileType = sourcecode.swift; path = User.swift; sourceTree = "<group>"; };
		51952BEC1FB98EB600660B3B /* CustomError.swift */ = {isa = PBXFileReference; lastKnownFileType = sourcecode.swift; path = "\U0010CustomError.swift"; sourceTree = "<group>"; };
		519885B0204E9B52004E690A /* LandingSceneVCInteractor.swift */ = {isa = PBXFileReference; lastKnownFileType = sourcecode.swift; path = LandingSceneVCInteractor.swift; sourceTree = "<group>"; };
		519885B1204E9B52004E690A /* LandingSceneVCModels.swift */ = {isa = PBXFileReference; lastKnownFileType = sourcecode.swift; path = LandingSceneVCModels.swift; sourceTree = "<group>"; };
		519885B2204E9B52004E690A /* LandingSceneVCPresenter.swift */ = {isa = PBXFileReference; lastKnownFileType = sourcecode.swift; path = LandingSceneVCPresenter.swift; sourceTree = "<group>"; };
		519885B3204E9B52004E690A /* LandingSceneVCRouter.swift */ = {isa = PBXFileReference; lastKnownFileType = sourcecode.swift; path = LandingSceneVCRouter.swift; sourceTree = "<group>"; };
		519885B4204E9B52004E690A /* LandingSceneViewController.swift */ = {isa = PBXFileReference; lastKnownFileType = sourcecode.swift; path = LandingSceneViewController.swift; sourceTree = "<group>"; };
		519885B5204E9B52004E690A /* LandingSceneVCWorker.swift */ = {isa = PBXFileReference; lastKnownFileType = sourcecode.swift; path = LandingSceneVCWorker.swift; sourceTree = "<group>"; };
		519885BC204EBEBB004E690A /* Kingfisher.framework */ = {isa = PBXFileReference; lastKnownFileType = wrapper.framework; name = Kingfisher.framework; path = Carthage/Build/iOS/Kingfisher.framework; sourceTree = "<group>"; };
		51A7C1B31FB2DB8600C71EE2 /* ProjectWLT.app */ = {isa = PBXFileReference; explicitFileType = wrapper.application; includeInIndex = 0; path = ProjectWLT.app; sourceTree = BUILT_PRODUCTS_DIR; };
		51A7C1B61FB2DB8600C71EE2 /* AppDelegate.swift */ = {isa = PBXFileReference; lastKnownFileType = sourcecode.swift; path = AppDelegate.swift; sourceTree = "<group>"; };
		51A7C1B81FB2DB8600C71EE2 /* ViewController.swift */ = {isa = PBXFileReference; lastKnownFileType = sourcecode.swift; path = ViewController.swift; sourceTree = "<group>"; };
		51A7C1BB1FB2DB8600C71EE2 /* Base */ = {isa = PBXFileReference; lastKnownFileType = file.storyboard; name = Base; path = Base.lproj/Main.storyboard; sourceTree = "<group>"; };
		51A7C1BD1FB2DB8600C71EE2 /* Assets.xcassets */ = {isa = PBXFileReference; lastKnownFileType = folder.assetcatalog; path = Assets.xcassets; sourceTree = "<group>"; };
		51A7C1C01FB2DB8600C71EE2 /* Base */ = {isa = PBXFileReference; lastKnownFileType = file.storyboard; name = Base; path = Base.lproj/LaunchScreen.storyboard; sourceTree = "<group>"; };
		51A7C1C21FB2DB8600C71EE2 /* Info.plist */ = {isa = PBXFileReference; lastKnownFileType = text.plist.xml; path = Info.plist; sourceTree = "<group>"; };
		51A7C1C71FB2DB8600C71EE2 /* ProjectWLTTests.xctest */ = {isa = PBXFileReference; explicitFileType = wrapper.cfbundle; includeInIndex = 0; path = ProjectWLTTests.xctest; sourceTree = BUILT_PRODUCTS_DIR; };
		51A7C1CB1FB2DB8600C71EE2 /* ProjectWLTTests.swift */ = {isa = PBXFileReference; lastKnownFileType = sourcecode.swift; path = ProjectWLTTests.swift; sourceTree = "<group>"; };
		51A7C1CD1FB2DB8600C71EE2 /* Info.plist */ = {isa = PBXFileReference; lastKnownFileType = text.plist.xml; path = Info.plist; sourceTree = "<group>"; };
		51A7C1D21FB2DB8600C71EE2 /* ProjectWLTUITests.xctest */ = {isa = PBXFileReference; explicitFileType = wrapper.cfbundle; includeInIndex = 0; path = ProjectWLTUITests.xctest; sourceTree = BUILT_PRODUCTS_DIR; };
		51A7C1D61FB2DB8600C71EE2 /* ProjectWLTUITests.swift */ = {isa = PBXFileReference; lastKnownFileType = sourcecode.swift; path = ProjectWLTUITests.swift; sourceTree = "<group>"; };
		51A7C1D81FB2DB8600C71EE2 /* Info.plist */ = {isa = PBXFileReference; lastKnownFileType = text.plist.xml; path = Info.plist; sourceTree = "<group>"; };
		51A7C1ED1FB2E65C00C71EE2 /* LoginInteractor.swift */ = {isa = PBXFileReference; lastKnownFileType = sourcecode.swift; path = LoginInteractor.swift; sourceTree = "<group>"; };
		51A7C1EE1FB2E65C00C71EE2 /* LoginModels.swift */ = {isa = PBXFileReference; lastKnownFileType = sourcecode.swift; path = LoginModels.swift; sourceTree = "<group>"; };
		51A7C1EF1FB2E65C00C71EE2 /* LoginPresenter.swift */ = {isa = PBXFileReference; lastKnownFileType = sourcecode.swift; path = LoginPresenter.swift; sourceTree = "<group>"; };
		51A7C1F01FB2E65C00C71EE2 /* LoginRouter.swift */ = {isa = PBXFileReference; lastKnownFileType = sourcecode.swift; path = LoginRouter.swift; sourceTree = "<group>"; };
		51A7C1F11FB2E65C00C71EE2 /* LoginViewController.swift */ = {isa = PBXFileReference; lastKnownFileType = sourcecode.swift; path = LoginViewController.swift; sourceTree = "<group>"; };
		51A7C1F21FB2E65C00C71EE2 /* LoginWorker.swift */ = {isa = PBXFileReference; lastKnownFileType = sourcecode.swift; path = LoginWorker.swift; sourceTree = "<group>"; };
		51A7C1F91FB2FDD900C71EE2 /* LoginResponseModel.swift */ = {isa = PBXFileReference; lastKnownFileType = sourcecode.swift; path = LoginResponseModel.swift; sourceTree = "<group>"; };
		51A7C1FB1FB309E700C71EE2 /* AuthenticationWorker.swift */ = {isa = PBXFileReference; lastKnownFileType = sourcecode.swift; path = AuthenticationWorker.swift; sourceTree = "<group>"; };
		51A7C1FD1FB30F7000C71EE2 /* WPAuthenticationService.swift */ = {isa = PBXFileReference; lastKnownFileType = sourcecode.swift; path = WPAuthenticationService.swift; sourceTree = "<group>"; };
		51A7C2001FB3256B00C71EE2 /* Alamofire.framework */ = {isa = PBXFileReference; lastKnownFileType = wrapper.framework; name = Alamofire.framework; path = Carthage/Build/iOS/Alamofire.framework; sourceTree = "<group>"; };
		51A7C2051FB3269300C71EE2 /* WPRouter.swift */ = {isa = PBXFileReference; lastKnownFileType = sourcecode.swift; path = WPRouter.swift; sourceTree = "<group>"; };
/* End PBXFileReference section */

/* Begin PBXFrameworksBuildPhase section */
		51A7C1B01FB2DB8600C71EE2 /* Frameworks */ = {
			isa = PBXFrameworksBuildPhase;
			buildActionMask = 2147483647;
			files = (
				51A7C2011FB3256B00C71EE2 /* Alamofire.framework in Frameworks */,
				519885BD204EBEBC004E690A /* Kingfisher.framework in Frameworks */,
			);
			runOnlyForDeploymentPostprocessing = 0;
		};
		51A7C1C41FB2DB8600C71EE2 /* Frameworks */ = {
			isa = PBXFrameworksBuildPhase;
			buildActionMask = 2147483647;
			files = (
			);
			runOnlyForDeploymentPostprocessing = 0;
		};
		51A7C1CF1FB2DB8600C71EE2 /* Frameworks */ = {
			isa = PBXFrameworksBuildPhase;
			buildActionMask = 2147483647;
			files = (
			);
			runOnlyForDeploymentPostprocessing = 0;
		};
/* End PBXFrameworksBuildPhase section */

/* Begin PBXGroup section */
		519885AD204E9AE5004E690A /* LandingScene */ = {
			isa = PBXGroup;
			children = (
				519885B0204E9B52004E690A /* LandingSceneVCInteractor.swift */,
				519885B1204E9B52004E690A /* LandingSceneVCModels.swift */,
				519885B2204E9B52004E690A /* LandingSceneVCPresenter.swift */,
				519885B3204E9B52004E690A /* LandingSceneVCRouter.swift */,
				519885B4204E9B52004E690A /* LandingSceneViewController.swift */,
				519885B5204E9B52004E690A /* LandingSceneVCWorker.swift */,
			);
			path = LandingScene;
			sourceTree = "<group>";
		};
		51A7C1AA1FB2DB8600C71EE2 = {
			isa = PBXGroup;
			children = (
				51A7C1B51FB2DB8600C71EE2 /* ProjectWLT */,
				51A7C1CA1FB2DB8600C71EE2 /* ProjectWLTTests */,
				51A7C1D51FB2DB8600C71EE2 /* ProjectWLTUITests */,
				51A7C1B41FB2DB8600C71EE2 /* Products */,
				51A7C1FF1FB3256A00C71EE2 /* Frameworks */,
			);
			sourceTree = "<group>";
		};
		51A7C1B41FB2DB8600C71EE2 /* Products */ = {
			isa = PBXGroup;
			children = (
				51A7C1B31FB2DB8600C71EE2 /* ProjectWLT.app */,
				51A7C1C71FB2DB8600C71EE2 /* ProjectWLTTests.xctest */,
				51A7C1D21FB2DB8600C71EE2 /* ProjectWLTUITests.xctest */,
			);
			name = Products;
			sourceTree = "<group>";
		};
		51A7C1B51FB2DB8600C71EE2 /* ProjectWLT */ = {
			isa = PBXGroup;
			children = (
				51A7C1E91FB2E2C100C71EE2 /* Scenes */,
				51A7C1E81FB2E2B500C71EE2 /* Workers */,
				51A7C1E71FB2E2B000C71EE2 /* Services */,
				51A7C1E61FB2E2AB00C71EE2 /* Models */,
				51A7C1E51FB2E2A500C71EE2 /* Managers */,
				51A7C1E41FB2E29A00C71EE2 /* Utilities */,
				51A7C1B61FB2DB8600C71EE2 /* AppDelegate.swift */,
				51A7C1B81FB2DB8600C71EE2 /* ViewController.swift */,
				51A7C1BA1FB2DB8600C71EE2 /* Main.storyboard */,
				51A7C1BD1FB2DB8600C71EE2 /* Assets.xcassets */,
				51A7C1BF1FB2DB8600C71EE2 /* LaunchScreen.storyboard */,
				51A7C1C21FB2DB8600C71EE2 /* Info.plist */,
			);
			path = ProjectWLT;
			sourceTree = "<group>";
		};
		51A7C1CA1FB2DB8600C71EE2 /* ProjectWLTTests */ = {
			isa = PBXGroup;
			children = (
				51A7C1CB1FB2DB8600C71EE2 /* ProjectWLTTests.swift */,
				51A7C1CD1FB2DB8600C71EE2 /* Info.plist */,
			);
			path = ProjectWLTTests;
			sourceTree = "<group>";
		};
		51A7C1D51FB2DB8600C71EE2 /* ProjectWLTUITests */ = {
			isa = PBXGroup;
			children = (
				51A7C1D61FB2DB8600C71EE2 /* ProjectWLTUITests.swift */,
				51A7C1D81FB2DB8600C71EE2 /* Info.plist */,
			);
			path = ProjectWLTUITests;
			sourceTree = "<group>";
		};
		51A7C1E41FB2E29A00C71EE2 /* Utilities */ = {
			isa = PBXGroup;
			children = (
				51952BEC1FB98EB600660B3B /* CustomError.swift */,
				5192B85E202AC74A00B0FACE /* NetworkConstants.swift */,
			);
			path = Utilities;
			sourceTree = "<group>";
		};
		51A7C1E51FB2E2A500C71EE2 /* Managers */ = {
			isa = PBXGroup;
			children = (
				51A7C2041FB3268200C71EE2 /* NetworkManager */,
				51A7C2031FB3266A00C71EE2 /* DatabaseManager */,
			);
			path = Managers;
			sourceTree = "<group>";
		};
		51A7C1E61FB2E2AB00C71EE2 /* Models */ = {
			isa = PBXGroup;
			children = (
				51A7C1F91FB2FDD900C71EE2 /* LoginResponseModel.swift */,
				5192B866202AF85200B0FACE /* User.swift */,
			);
			path = Models;
			sourceTree = "<group>";
		};
		51A7C1E71FB2E2B000C71EE2 /* Services */ = {
			isa = PBXGroup;
			children = (
				51A7C1FD1FB30F7000C71EE2 /* WPAuthenticationService.swift */,
				5192B862202ADD0D00B0FACE /* LoginService.swift */,
				5192B864202ADDF500B0FACE /* ServiceProtocols.swift */,
			);
			path = Services;
			sourceTree = "<group>";
		};
		51A7C1E81FB2E2B500C71EE2 /* Workers */ = {
			isa = PBXGroup;
			children = (
				51A7C1FB1FB309E700C71EE2 /* AuthenticationWorker.swift */,
			);
			path = Workers;
			sourceTree = "<group>";
		};
		51A7C1E91FB2E2C100C71EE2 /* Scenes */ = {
			isa = PBXGroup;
			children = (
				519885AD204E9AE5004E690A /* LandingScene */,
				51A7C1EC1FB2E62600C71EE2 /* ForgetPassword */,
				51A7C1EB1FB2E62100C71EE2 /* Registration */,
				51A7C1EA1FB2E5F500C71EE2 /* Login */,
			);
			path = Scenes;
			sourceTree = "<group>";
		};
		51A7C1EA1FB2E5F500C71EE2 /* Login */ = {
			isa = PBXGroup;
			children = (
				51A7C1ED1FB2E65C00C71EE2 /* LoginInteractor.swift */,
				51A7C1EE1FB2E65C00C71EE2 /* LoginModels.swift */,
				51A7C1EF1FB2E65C00C71EE2 /* LoginPresenter.swift */,
				51A7C1F01FB2E65C00C71EE2 /* LoginRouter.swift */,
				51A7C1F11FB2E65C00C71EE2 /* LoginViewController.swift */,
				51A7C1F21FB2E65C00C71EE2 /* LoginWorker.swift */,
			);
			path = Login;
			sourceTree = "<group>";
		};
		51A7C1EB1FB2E62100C71EE2 /* Registration */ = {
			isa = PBXGroup;
			children = (
			);
			path = Registration;
			sourceTree = "<group>";
		};
		51A7C1EC1FB2E62600C71EE2 /* ForgetPassword */ = {
			isa = PBXGroup;
			children = (
			);
			path = ForgetPassword;
			sourceTree = "<group>";
		};
		51A7C1FF1FB3256A00C71EE2 /* Frameworks */ = {
			isa = PBXGroup;
			children = (
				519885BC204EBEBB004E690A /* Kingfisher.framework */,
				51A7C2001FB3256B00C71EE2 /* Alamofire.framework */,
			);
			name = Frameworks;
			sourceTree = "<group>";
		};
		51A7C2031FB3266A00C71EE2 /* DatabaseManager */ = {
			isa = PBXGroup;
			children = (
			);
			path = DatabaseManager;
			sourceTree = "<group>";
		};
		51A7C2041FB3268200C71EE2 /* NetworkManager */ = {
			isa = PBXGroup;
			children = (
				51A7C2051FB3269300C71EE2 /* WPRouter.swift */,
				5192B85C202AC67000B0FACE /* APIRouter.swift */,
				5192B860202AD4A100B0FACE /* BackendAuth.swift */,
			);
			path = NetworkManager;
			sourceTree = "<group>";
		};
/* End PBXGroup section */

/* Begin PBXNativeTarget section */
		51A7C1B21FB2DB8600C71EE2 /* ProjectWLT */ = {
			isa = PBXNativeTarget;
			buildConfigurationList = 51A7C1DB1FB2DB8600C71EE2 /* Build configuration list for PBXNativeTarget "ProjectWLT" */;
			buildPhases = (
				51A7C1AF1FB2DB8600C71EE2 /* Sources */,
				51A7C1B01FB2DB8600C71EE2 /* Frameworks */,
				51A7C1B11FB2DB8600C71EE2 /* Resources */,
				51A7C2021FB3258300C71EE2 /* ShellScript */,
			);
			buildRules = (
			);
			dependencies = (
			);
			name = ProjectWLT;
			productName = ProjectWLT;
			productReference = 51A7C1B31FB2DB8600C71EE2 /* ProjectWLT.app */;
			productType = "com.apple.product-type.application";
		};
		51A7C1C61FB2DB8600C71EE2 /* ProjectWLTTests */ = {
			isa = PBXNativeTarget;
			buildConfigurationList = 51A7C1DE1FB2DB8600C71EE2 /* Build configuration list for PBXNativeTarget "ProjectWLTTests" */;
			buildPhases = (
				51A7C1C31FB2DB8600C71EE2 /* Sources */,
				51A7C1C41FB2DB8600C71EE2 /* Frameworks */,
				51A7C1C51FB2DB8600C71EE2 /* Resources */,
			);
			buildRules = (
			);
			dependencies = (
				51A7C1C91FB2DB8600C71EE2 /* PBXTargetDependency */,
			);
			name = ProjectWLTTests;
			productName = ProjectWLTTests;
			productReference = 51A7C1C71FB2DB8600C71EE2 /* ProjectWLTTests.xctest */;
			productType = "com.apple.product-type.bundle.unit-test";
		};
		51A7C1D11FB2DB8600C71EE2 /* ProjectWLTUITests */ = {
			isa = PBXNativeTarget;
			buildConfigurationList = 51A7C1E11FB2DB8600C71EE2 /* Build configuration list for PBXNativeTarget "ProjectWLTUITests" */;
			buildPhases = (
				51A7C1CE1FB2DB8600C71EE2 /* Sources */,
				51A7C1CF1FB2DB8600C71EE2 /* Frameworks */,
				51A7C1D01FB2DB8600C71EE2 /* Resources */,
			);
			buildRules = (
			);
			dependencies = (
				51A7C1D41FB2DB8600C71EE2 /* PBXTargetDependency */,
			);
			name = ProjectWLTUITests;
			productName = ProjectWLTUITests;
			productReference = 51A7C1D21FB2DB8600C71EE2 /* ProjectWLTUITests.xctest */;
			productType = "com.apple.product-type.bundle.ui-testing";
		};
/* End PBXNativeTarget section */

/* Begin PBXProject section */
		51A7C1AB1FB2DB8600C71EE2 /* Project object */ = {
			isa = PBXProject;
			attributes = {
				LastSwiftUpdateCheck = 0900;
				LastUpgradeCheck = 0900;
				ORGANIZATIONNAME = Selise;
				TargetAttributes = {
					51A7C1B21FB2DB8600C71EE2 = {
						CreatedOnToolsVersion = 9.0;
						ProvisioningStyle = Automatic;
					};
					51A7C1C61FB2DB8600C71EE2 = {
						CreatedOnToolsVersion = 9.0;
						ProvisioningStyle = Automatic;
						TestTargetID = 51A7C1B21FB2DB8600C71EE2;
					};
					51A7C1D11FB2DB8600C71EE2 = {
						CreatedOnToolsVersion = 9.0;
						ProvisioningStyle = Automatic;
						TestTargetID = 51A7C1B21FB2DB8600C71EE2;
					};
				};
			};
			buildConfigurationList = 51A7C1AE1FB2DB8600C71EE2 /* Build configuration list for PBXProject "ProjectWLT" */;
			compatibilityVersion = "Xcode 8.0";
			developmentRegion = en;
			hasScannedForEncodings = 0;
			knownRegions = (
				en,
				Base,
			);
			mainGroup = 51A7C1AA1FB2DB8600C71EE2;
			productRefGroup = 51A7C1B41FB2DB8600C71EE2 /* Products */;
			projectDirPath = "";
			projectRoot = "";
			targets = (
				51A7C1B21FB2DB8600C71EE2 /* ProjectWLT */,
				51A7C1C61FB2DB8600C71EE2 /* ProjectWLTTests */,
				51A7C1D11FB2DB8600C71EE2 /* ProjectWLTUITests */,
			);
		};
/* End PBXProject section */

/* Begin PBXResourcesBuildPhase section */
		51A7C1B11FB2DB8600C71EE2 /* Resources */ = {
			isa = PBXResourcesBuildPhase;
			buildActionMask = 2147483647;
			files = (
				51A7C1C11FB2DB8600C71EE2 /* LaunchScreen.storyboard in Resources */,
				51A7C1BE1FB2DB8600C71EE2 /* Assets.xcassets in Resources */,
				51A7C1BC1FB2DB8600C71EE2 /* Main.storyboard in Resources */,
			);
			runOnlyForDeploymentPostprocessing = 0;
		};
		51A7C1C51FB2DB8600C71EE2 /* Resources */ = {
			isa = PBXResourcesBuildPhase;
			buildActionMask = 2147483647;
			files = (
			);
			runOnlyForDeploymentPostprocessing = 0;
		};
		51A7C1D01FB2DB8600C71EE2 /* Resources */ = {
			isa = PBXResourcesBuildPhase;
			buildActionMask = 2147483647;
			files = (
			);
			runOnlyForDeploymentPostprocessing = 0;
		};
/* End PBXResourcesBuildPhase section */

/* Begin PBXShellScriptBuildPhase section */
		51A7C2021FB3258300C71EE2 /* ShellScript */ = {
			isa = PBXShellScriptBuildPhase;
			buildActionMask = 2147483647;
			files = (
			);
			inputPaths = (
				"$(SRCROOT)/Carthage/Build/iOS/Alamofire.framework",
				"$(SRCROOT)/Carthage/Build/iOS/Kingfisher.framework",
			);
			outputPaths = (
			);
			runOnlyForDeploymentPostprocessing = 0;
			shellPath = /bin/sh;
			shellScript = "/usr/local/bin/carthage copy-frameworks";
		};
/* End PBXShellScriptBuildPhase section */

/* Begin PBXSourcesBuildPhase section */
		51A7C1AF1FB2DB8600C71EE2 /* Sources */ = {
			isa = PBXSourcesBuildPhase;
			buildActionMask = 2147483647;
			files = (
				519885BA204E9B52004E690A /* LandingSceneViewController.swift in Sources */,
				519885B8204E9B52004E690A /* LandingSceneVCPresenter.swift in Sources */,
				519885B6204E9B52004E690A /* LandingSceneVCInteractor.swift in Sources */,
				5192B863202ADD0D00B0FACE /* LoginService.swift in Sources */,
				51A7C1F71FB2E65C00C71EE2 /* LoginViewController.swift in Sources */,
				51A7C1B91FB2DB8600C71EE2 /* ViewController.swift in Sources */,
				51A7C1F41FB2E65C00C71EE2 /* LoginModels.swift in Sources */,
				51A7C1F61FB2E65C00C71EE2 /* LoginRouter.swift in Sources */,
				51A7C1B71FB2DB8600C71EE2 /* AppDelegate.swift in Sources */,
				51A7C2061FB3269300C71EE2 /* WPRouter.swift in Sources */,
				5192B861202AD4A100B0FACE /* BackendAuth.swift in Sources */,
				51A7C1FE1FB30F7000C71EE2 /* WPAuthenticationService.swift in Sources */,
				5192B85D202AC67000B0FACE /* APIRouter.swift in Sources */,
				51A7C1F31FB2E65C00C71EE2 /* LoginInteractor.swift in Sources */,
				51952BED1FB98EB600660B3B /* CustomError.swift in Sources */,
				51A7C1FA1FB2FDD900C71EE2 /* LoginResponseModel.swift in Sources */,
				51A7C1FC1FB309E700C71EE2 /* AuthenticationWorker.swift in Sources */,
				519885B9204E9B52004E690A /* LandingSceneVCRouter.swift in Sources */,
				519885BB204E9B52004E690A /* LandingSceneVCWorker.swift in Sources */,
				519885B7204E9B52004E690A /* LandingSceneVCModels.swift in Sources */,
				5192B85F202AC74A00B0FACE /* NetworkConstants.swift in Sources */,
				5192B865202ADDF500B0FACE /* ServiceProtocols.swift in Sources */,
				51A7C1F51FB2E65C00C71EE2 /* LoginPresenter.swift in Sources */,
				51A7C1F81FB2E65C00C71EE2 /* LoginWorker.swift in Sources */,
				5192B867202AF85200B0FACE /* User.swift in Sources */,
			);
			runOnlyForDeploymentPostprocessing = 0;
		};
		51A7C1C31FB2DB8600C71EE2 /* Sources */ = {
			isa = PBXSourcesBuildPhase;
			buildActionMask = 2147483647;
			files = (
				51A7C1CC1FB2DB8600C71EE2 /* ProjectWLTTests.swift in Sources */,
			);
			runOnlyForDeploymentPostprocessing = 0;
		};
		51A7C1CE1FB2DB8600C71EE2 /* Sources */ = {
			isa = PBXSourcesBuildPhase;
			buildActionMask = 2147483647;
			files = (
				51A7C1D71FB2DB8600C71EE2 /* ProjectWLTUITests.swift in Sources */,
			);
			runOnlyForDeploymentPostprocessing = 0;
		};
/* End PBXSourcesBuildPhase section */

/* Begin PBXTargetDependency section */
		51A7C1C91FB2DB8600C71EE2 /* PBXTargetDependency */ = {
			isa = PBXTargetDependency;
			target = 51A7C1B21FB2DB8600C71EE2 /* ProjectWLT */;
			targetProxy = 51A7C1C81FB2DB8600C71EE2 /* PBXContainerItemProxy */;
		};
		51A7C1D41FB2DB8600C71EE2 /* PBXTargetDependency */ = {
			isa = PBXTargetDependency;
			target = 51A7C1B21FB2DB8600C71EE2 /* ProjectWLT */;
			targetProxy = 51A7C1D31FB2DB8600C71EE2 /* PBXContainerItemProxy */;
		};
/* End PBXTargetDependency section */

/* Begin PBXVariantGroup section */
		51A7C1BA1FB2DB8600C71EE2 /* Main.storyboard */ = {
			isa = PBXVariantGroup;
			children = (
				51A7C1BB1FB2DB8600C71EE2 /* Base */,
			);
			name = Main.storyboard;
			sourceTree = "<group>";
		};
		51A7C1BF1FB2DB8600C71EE2 /* LaunchScreen.storyboard */ = {
			isa = PBXVariantGroup;
			children = (
				51A7C1C01FB2DB8600C71EE2 /* Base */,
			);
			name = LaunchScreen.storyboard;
			sourceTree = "<group>";
		};
/* End PBXVariantGroup section */

/* Begin XCBuildConfiguration section */
		51A7C1D91FB2DB8600C71EE2 /* Debug */ = {
			isa = XCBuildConfiguration;
			buildSettings = {
				ALWAYS_SEARCH_USER_PATHS = NO;
				CLANG_ANALYZER_NONNULL = YES;
				CLANG_ANALYZER_NUMBER_OBJECT_CONVERSION = YES_AGGRESSIVE;
				CLANG_CXX_LANGUAGE_STANDARD = "gnu++14";
				CLANG_CXX_LIBRARY = "libc++";
				CLANG_ENABLE_MODULES = YES;
				CLANG_ENABLE_OBJC_ARC = YES;
				CLANG_WARN_BLOCK_CAPTURE_AUTORELEASING = YES;
				CLANG_WARN_BOOL_CONVERSION = YES;
				CLANG_WARN_COMMA = YES;
				CLANG_WARN_CONSTANT_CONVERSION = YES;
				CLANG_WARN_DIRECT_OBJC_ISA_USAGE = YES_ERROR;
				CLANG_WARN_DOCUMENTATION_COMMENTS = YES;
				CLANG_WARN_EMPTY_BODY = YES;
				CLANG_WARN_ENUM_CONVERSION = YES;
				CLANG_WARN_INFINITE_RECURSION = YES;
				CLANG_WARN_INT_CONVERSION = YES;
				CLANG_WARN_NON_LITERAL_NULL_CONVERSION = YES;
				CLANG_WARN_OBJC_LITERAL_CONVERSION = YES;
				CLANG_WARN_OBJC_ROOT_CLASS = YES_ERROR;
				CLANG_WARN_RANGE_LOOP_ANALYSIS = YES;
				CLANG_WARN_STRICT_PROTOTYPES = YES;
				CLANG_WARN_SUSPICIOUS_MOVE = YES;
				CLANG_WARN_UNGUARDED_AVAILABILITY = YES_AGGRESSIVE;
				CLANG_WARN_UNREACHABLE_CODE = YES;
				CLANG_WARN__DUPLICATE_METHOD_MATCH = YES;
				CODE_SIGN_IDENTITY = "iPhone Developer";
				COPY_PHASE_STRIP = NO;
				DEBUG_INFORMATION_FORMAT = dwarf;
				ENABLE_STRICT_OBJC_MSGSEND = YES;
				ENABLE_TESTABILITY = YES;
				GCC_C_LANGUAGE_STANDARD = gnu11;
				GCC_DYNAMIC_NO_PIC = NO;
				GCC_NO_COMMON_BLOCKS = YES;
				GCC_OPTIMIZATION_LEVEL = 0;
				GCC_PREPROCESSOR_DEFINITIONS = (
					"DEBUG=1",
					"$(inherited)",
				);
				GCC_WARN_64_TO_32_BIT_CONVERSION = YES;
				GCC_WARN_ABOUT_RETURN_TYPE = YES_ERROR;
				GCC_WARN_UNDECLARED_SELECTOR = YES;
				GCC_WARN_UNINITIALIZED_AUTOS = YES_AGGRESSIVE;
				GCC_WARN_UNUSED_FUNCTION = YES;
				GCC_WARN_UNUSED_VARIABLE = YES;
				IPHONEOS_DEPLOYMENT_TARGET = 10.0;
				MTL_ENABLE_DEBUG_INFO = YES;
				ONLY_ACTIVE_ARCH = YES;
				SDKROOT = iphoneos;
				SWIFT_ACTIVE_COMPILATION_CONDITIONS = DEBUG;
				SWIFT_OPTIMIZATION_LEVEL = "-Onone";
			};
			name = Debug;
		};
		51A7C1DA1FB2DB8600C71EE2 /* Release */ = {
			isa = XCBuildConfiguration;
			buildSettings = {
				ALWAYS_SEARCH_USER_PATHS = NO;
				CLANG_ANALYZER_NONNULL = YES;
				CLANG_ANALYZER_NUMBER_OBJECT_CONVERSION = YES_AGGRESSIVE;
				CLANG_CXX_LANGUAGE_STANDARD = "gnu++14";
				CLANG_CXX_LIBRARY = "libc++";
				CLANG_ENABLE_MODULES = YES;
				CLANG_ENABLE_OBJC_ARC = YES;
				CLANG_WARN_BLOCK_CAPTURE_AUTORELEASING = YES;
				CLANG_WARN_BOOL_CONVERSION = YES;
				CLANG_WARN_COMMA = YES;
				CLANG_WARN_CONSTANT_CONVERSION = YES;
				CLANG_WARN_DIRECT_OBJC_ISA_USAGE = YES_ERROR;
				CLANG_WARN_DOCUMENTATION_COMMENTS = YES;
				CLANG_WARN_EMPTY_BODY = YES;
				CLANG_WARN_ENUM_CONVERSION = YES;
				CLANG_WARN_INFINITE_RECURSION = YES;
				CLANG_WARN_INT_CONVERSION = YES;
				CLANG_WARN_NON_LITERAL_NULL_CONVERSION = YES;
				CLANG_WARN_OBJC_LITERAL_CONVERSION = YES;
				CLANG_WARN_OBJC_ROOT_CLASS = YES_ERROR;
				CLANG_WARN_RANGE_LOOP_ANALYSIS = YES;
				CLANG_WARN_STRICT_PROTOTYPES = YES;
				CLANG_WARN_SUSPICIOUS_MOVE = YES;
				CLANG_WARN_UNGUARDED_AVAILABILITY = YES_AGGRESSIVE;
				CLANG_WARN_UNREACHABLE_CODE = YES;
				CLANG_WARN__DUPLICATE_METHOD_MATCH = YES;
				CODE_SIGN_IDENTITY = "iPhone Developer";
				COPY_PHASE_STRIP = NO;
				DEBUG_INFORMATION_FORMAT = "dwarf-with-dsym";
				ENABLE_NS_ASSERTIONS = NO;
				ENABLE_STRICT_OBJC_MSGSEND = YES;
				GCC_C_LANGUAGE_STANDARD = gnu11;
				GCC_NO_COMMON_BLOCKS = YES;
				GCC_WARN_64_TO_32_BIT_CONVERSION = YES;
				GCC_WARN_ABOUT_RETURN_TYPE = YES_ERROR;
				GCC_WARN_UNDECLARED_SELECTOR = YES;
				GCC_WARN_UNINITIALIZED_AUTOS = YES_AGGRESSIVE;
				GCC_WARN_UNUSED_FUNCTION = YES;
				GCC_WARN_UNUSED_VARIABLE = YES;
				IPHONEOS_DEPLOYMENT_TARGET = 10.0;
				MTL_ENABLE_DEBUG_INFO = NO;
				SDKROOT = iphoneos;
				SWIFT_OPTIMIZATION_LEVEL = "-Owholemodule";
				VALIDATE_PRODUCT = YES;
			};
			name = Release;
		};
		51A7C1DC1FB2DB8600C71EE2 /* Debug */ = {
			isa = XCBuildConfiguration;
			buildSettings = {
				ASSETCATALOG_COMPILER_APPICON_NAME = AppIcon;
				CODE_SIGN_STYLE = Automatic;
				DEVELOPMENT_TEAM = J52R8YYJBF;
				FRAMEWORK_SEARCH_PATHS = (
					"$(inherited)",
					"$(PROJECT_DIR)/Carthage/Build/iOS",
				);
				INFOPLIST_FILE = ProjectWLT/Info.plist;
				LD_RUNPATH_SEARCH_PATHS = "$(inherited) @executable_path/Frameworks";
				PRODUCT_BUNDLE_IDENTIFIER = ch.selise.ProjectWLT;
				PRODUCT_NAME = "$(TARGET_NAME)";
				SWIFT_VERSION = 4.0;
				TARGETED_DEVICE_FAMILY = "1,2";
			};
			name = Debug;
		};
		51A7C1DD1FB2DB8600C71EE2 /* Release */ = {
			isa = XCBuildConfiguration;
			buildSettings = {
				ASSETCATALOG_COMPILER_APPICON_NAME = AppIcon;
				CODE_SIGN_STYLE = Automatic;
				DEVELOPMENT_TEAM = J52R8YYJBF;
				FRAMEWORK_SEARCH_PATHS = (
					"$(inherited)",
					"$(PROJECT_DIR)/Carthage/Build/iOS",
				);
				INFOPLIST_FILE = ProjectWLT/Info.plist;
				LD_RUNPATH_SEARCH_PATHS = "$(inherited) @executable_path/Frameworks";
				PRODUCT_BUNDLE_IDENTIFIER = ch.selise.ProjectWLT;
				PRODUCT_NAME = "$(TARGET_NAME)";
				SWIFT_VERSION = 4.0;
				TARGETED_DEVICE_FAMILY = "1,2";
			};
			name = Release;
		};
		51A7C1DF1FB2DB8600C71EE2 /* Debug */ = {
			isa = XCBuildConfiguration;
			buildSettings = {
				ALWAYS_EMBED_SWIFT_STANDARD_LIBRARIES = YES;
				BUNDLE_LOADER = "$(TEST_HOST)";
				CODE_SIGN_STYLE = Automatic;
				DEVELOPMENT_TEAM = J52R8YYJBF;
				INFOPLIST_FILE = ProjectWLTTests/Info.plist;
				LD_RUNPATH_SEARCH_PATHS = "$(inherited) @executable_path/Frameworks @loader_path/Frameworks";
				PRODUCT_BUNDLE_IDENTIFIER = ch.selise.ProjectWLTTests;
				PRODUCT_NAME = "$(TARGET_NAME)";
				SWIFT_VERSION = 4.0;
				TARGETED_DEVICE_FAMILY = "1,2";
				TEST_HOST = "$(BUILT_PRODUCTS_DIR)/ProjectWLT.app/ProjectWLT";
			};
			name = Debug;
		};
		51A7C1E01FB2DB8600C71EE2 /* Release */ = {
			isa = XCBuildConfiguration;
			buildSettings = {
				ALWAYS_EMBED_SWIFT_STANDARD_LIBRARIES = YES;
				BUNDLE_LOADER = "$(TEST_HOST)";
				CODE_SIGN_STYLE = Automatic;
				DEVELOPMENT_TEAM = J52R8YYJBF;
				INFOPLIST_FILE = ProjectWLTTests/Info.plist;
				LD_RUNPATH_SEARCH_PATHS = "$(inherited) @executable_path/Frameworks @loader_path/Frameworks";
				PRODUCT_BUNDLE_IDENTIFIER = ch.selise.ProjectWLTTests;
				PRODUCT_NAME = "$(TARGET_NAME)";
				SWIFT_VERSION = 4.0;
				TARGETED_DEVICE_FAMILY = "1,2";
				TEST_HOST = "$(BUILT_PRODUCTS_DIR)/ProjectWLT.app/ProjectWLT";
			};
			name = Release;
		};
		51A7C1E21FB2DB8600C71EE2 /* Debug */ = {
			isa = XCBuildConfiguration;
			buildSettings = {
				ALWAYS_EMBED_SWIFT_STANDARD_LIBRARIES = YES;
				CODE_SIGN_STYLE = Automatic;
				DEVELOPMENT_TEAM = J52R8YYJBF;
				INFOPLIST_FILE = ProjectWLTUITests/Info.plist;
				LD_RUNPATH_SEARCH_PATHS = "$(inherited) @executable_path/Frameworks @loader_path/Frameworks";
				PRODUCT_BUNDLE_IDENTIFIER = ch.selise.ProjectWLTUITests;
				PRODUCT_NAME = "$(TARGET_NAME)";
				SWIFT_VERSION = 4.0;
				TARGETED_DEVICE_FAMILY = "1,2";
				TEST_TARGET_NAME = ProjectWLT;
			};
			name = Debug;
		};
		51A7C1E31FB2DB8600C71EE2 /* Release */ = {
			isa = XCBuildConfiguration;
			buildSettings = {
				ALWAYS_EMBED_SWIFT_STANDARD_LIBRARIES = YES;
				CODE_SIGN_STYLE = Automatic;
				DEVELOPMENT_TEAM = J52R8YYJBF;
				INFOPLIST_FILE = ProjectWLTUITests/Info.plist;
				LD_RUNPATH_SEARCH_PATHS = "$(inherited) @executable_path/Frameworks @loader_path/Frameworks";
				PRODUCT_BUNDLE_IDENTIFIER = ch.selise.ProjectWLTUITests;
				PRODUCT_NAME = "$(TARGET_NAME)";
				SWIFT_VERSION = 4.0;
				TARGETED_DEVICE_FAMILY = "1,2";
				TEST_TARGET_NAME = ProjectWLT;
			};
			name = Release;
		};
/* End XCBuildConfiguration section */

/* Begin XCConfigurationList section */
		51A7C1AE1FB2DB8600C71EE2 /* Build configuration list for PBXProject "ProjectWLT" */ = {
			isa = XCConfigurationList;
			buildConfigurations = (
				51A7C1D91FB2DB8600C71EE2 /* Debug */,
				51A7C1DA1FB2DB8600C71EE2 /* Release */,
			);
			defaultConfigurationIsVisible = 0;
			defaultConfigurationName = Release;
		};
		51A7C1DB1FB2DB8600C71EE2 /* Build configuration list for PBXNativeTarget "ProjectWLT" */ = {
			isa = XCConfigurationList;
			buildConfigurations = (
				51A7C1DC1FB2DB8600C71EE2 /* Debug */,
				51A7C1DD1FB2DB8600C71EE2 /* Release */,
			);
			defaultConfigurationIsVisible = 0;
			defaultConfigurationName = Release;
		};
		51A7C1DE1FB2DB8600C71EE2 /* Build configuration list for PBXNativeTarget "ProjectWLTTests" */ = {
			isa = XCConfigurationList;
			buildConfigurations = (
				51A7C1DF1FB2DB8600C71EE2 /* Debug */,
				51A7C1E01FB2DB8600C71EE2 /* Release */,
			);
			defaultConfigurationIsVisible = 0;
			defaultConfigurationName = Release;
		};
		51A7C1E11FB2DB8600C71EE2 /* Build configuration list for PBXNativeTarget "ProjectWLTUITests" */ = {
			isa = XCConfigurationList;
			buildConfigurations = (
				51A7C1E21FB2DB8600C71EE2 /* Debug */,
				51A7C1E31FB2DB8600C71EE2 /* Release */,
			);
			defaultConfigurationIsVisible = 0;
			defaultConfigurationName = Release;
		};
/* End XCConfigurationList section */
	};
	rootObject = 51A7C1AB1FB2DB8600C71EE2 /* Project object */;
}
